{
    "version": 3,
    "terraform_version": "0.11.11",
    "serial": 2,
    "lineage": "3e15ec3e-592c-28d6-37fc-7e2906b7e319",
    "modules": [
        {
            "path": [
                "root"
            ],
            "outputs": {},
            "resources": {
                "aws_s3_bucket.b": {
                    "type": "aws_s3_bucket",
                    "depends_on": [],
                    "primary": {
                        "id": "venkat-s3-my-tf-test-bucket-one",
                        "attributes": {
                            "acceleration_status": "",
                            "acl": "private",
                            "arn": "arn:aws:s3:::venkat-s3-my-tf-test-bucket-one",
                            "bucket": "venkat-s3-my-tf-test-bucket-one",
                            "bucket_domain_name": "venkat-s3-my-tf-test-bucket-one.s3.amazonaws.com",
                            "bucket_regional_domain_name": "venkat-s3-my-tf-test-bucket-one.s3.amazonaws.com",
                            "cors_rule.#": "0",
                            "force_destroy": "false",
                            "hosted_zone_id": "Z3AQBSTGFYJSTF",
                            "id": "venkat-s3-my-tf-test-bucket-one",
                            "lifecycle_rule.#": "0",
                            "logging.#": "0",
                            "object_lock_configuration.#": "0",
                            "region": "us-east-1",
                            "replication_configuration.#": "0",
                            "request_payer": "BucketOwner",
                            "server_side_encryption_configuration.#": "0",
                            "tags.%": "2",
                            "tags.Environment": "Dev",
                            "tags.Name": "my bucket",
                            "versioning.#": "1",
                            "versioning.0.enabled": "false",
                            "versioning.0.mfa_delete": "false",
                            "website.#": "0"
                        },
                        "meta": {},
                        "tainted": false
                    },
                    "deposed": [],
                    "provider": "provider.aws"
                },
                "data.consul_keys.app": {
                    "type": "consul_keys",
                    "depends_on": [],
                    "primary": {
                        "id": "-",
                        "attributes": {
                            "datacenter": "dc1",
                            "id": "-",
                            "key.#": "2",
                            "key.2025177521.default": "",
                            "key.2025177521.name": "secretkey",
                            "key.2025177521.path": "AWS/secretkey",
                            "key.3625720794.default": "",
                            "key.3625720794.name": "accesskey",
                            "key.3625720794.path": "AWS/accesskey",
                            "var.%": "2",
                            "var.accesskey": "AKIAJ45D2WGA5DYTH56Q",
                            "var.secretkey": "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"
                        },
                        "meta": {},
                        "tainted": false
                    },
                    "deposed": [],
                    "provider": "provider.consul"
                }
            },
            "depends_on": []
        }
    ]
}
